
Microsoft Visual Studio Solution File, Format Version 12.00
# Visual Studio Version 17
VisualStudioVersion = 17.9.34728.123
MinimumVisualStudioVersion = 10.0.40219.1
Project("{FAE04EC0-301F-11D3-BF4B-00C04F79EFBC}") = "ExercicioMembroEstático", "ExercicioMembroEstático\ExercicioMembroEstático.csproj", "{1C960047-5288-4777-ACF4-F46D8EF13B07}"
EndProject
Global
	GlobalSection(SolutionConfigurationPlatforms) = preSolution
		Debug|Any CPU = Debug|Any CPU
		Release|Any CPU = Release|Any CPU
	EndGlobalSection
	GlobalSection(ProjectConfigurationPlatforms) = postSolution
		{1C960047-5288-4777-ACF4-F46D8EF13B07}.Debug|Any CPU.ActiveCfg = Debug|Any CPU
		{1C960047-5288-4777-ACF4-F46D8EF13B07}.Debug|Any CPU.Build.0 = Debug|Any CPU
		{1C960047-5288-4777-ACF4-F46D8EF13B07}.Release|Any CPU.ActiveCfg = Release|Any CPU
		{1C960047-5288-4777-ACF4-F46D8EF13B07}.Release|Any CPU.Build.0 = Release|Any CPU
	EndGlobalSection
	GlobalSection(SolutionProperties) = preSolution
		HideSolutionNode = FALSE
	EndGlobalSection
	GlobalSection(ExtensibilityGlobals) = postSolution
		SolutionGuid = {CB2F3281-4CA8-4B61-A7EF-745CCA3ECF6B}
	EndGlobalSection
EndGlobal
